
Microsoft Visual Studio Solution File, Format Version 12.00
# Visual Studio Version 17
VisualStudioVersion = 17.12.35527.113 d17.12
MinimumVisualStudioVersion = 10.0.40219.1
Project("{F2A71F9B-5D33-465A-A702-920D77279786}") = "fio-chat-server", "fio-chat-server\fio-chat-server.fsproj", "{149D842C-8F1B-47CB-9FC1-DE26ADEE498F}"
EndProject
Global
	GlobalSection(SolutionConfigurationPlatforms) = preSolution
		Debug|Any CPU = Debug|Any CPU
		Release|Any CPU = Release|Any CPU
	EndGlobalSection
	GlobalSection(ProjectConfigurationPlatforms) = postSolution
		{149D842C-8F1B-47CB-9FC1-DE26ADEE498F}.Debug|Any CPU.ActiveCfg = Debug|Any CPU
		{149D842C-8F1B-47CB-9FC1-DE26ADEE498F}.Debug|Any CPU.Build.0 = Debug|Any CPU
		{149D842C-8F1B-47CB-9FC1-DE26ADEE498F}.Release|Any CPU.ActiveCfg = Release|Any CPU
		{149D842C-8F1B-47CB-9FC1-DE26ADEE498F}.Release|Any CPU.Build.0 = Release|Any CPU
	EndGlobalSection
	GlobalSection(SolutionProperties) = preSolution
		HideSolutionNode = FALSE
	EndGlobalSection
EndGlobal
