
Microsoft Visual Studio Solution File, Format Version 12.00
# Visual Studio Version 17
VisualStudioVersion = 17.12.35527.113
MinimumVisualStudioVersion = 10.0.40219.1
Project("{F2A71F9B-5D33-465A-A702-920D77279786}") = "FIOChat.Shared", "FIOChat.Shared\FIOChat.Shared.fsproj", "{20969287-41DD-43CE-8545-AB18119A3CDF}"
EndProject
Project("{F2A71F9B-5D33-465A-A702-920D77279786}") = "FIOChat.Server", "FIOChat.Server\FIOChat.Server.fsproj", "{8600B7B8-501B-44C5-BD85-7D7FCF664725}"
EndProject
Project("{F2A71F9B-5D33-465A-A702-920D77279786}") = "FIOChat.Client", "FIOChat.Client\FIOChat.Client.fsproj", "{74E27ABD-DEC1-44F5-9200-964DB789B596}"
EndProject
Global
	GlobalSection(SolutionConfigurationPlatforms) = preSolution
		Debug|Any CPU = Debug|Any CPU
		Release|Any CPU = Release|Any CPU
	EndGlobalSection
	GlobalSection(ProjectConfigurationPlatforms) = postSolution
		{20969287-41DD-43CE-8545-AB18119A3CDF}.Debug|Any CPU.ActiveCfg = Debug|Any CPU
		{20969287-41DD-43CE-8545-AB18119A3CDF}.Debug|Any CPU.Build.0 = Debug|Any CPU
		{20969287-41DD-43CE-8545-AB18119A3CDF}.Release|Any CPU.ActiveCfg = Release|Any CPU
		{20969287-41DD-43CE-8545-AB18119A3CDF}.Release|Any CPU.Build.0 = Release|Any CPU
		{8600B7B8-501B-44C5-BD85-7D7FCF664725}.Debug|Any CPU.ActiveCfg = Debug|Any CPU
		{8600B7B8-501B-44C5-BD85-7D7FCF664725}.Debug|Any CPU.Build.0 = Debug|Any CPU
		{8600B7B8-501B-44C5-BD85-7D7FCF664725}.Release|Any CPU.ActiveCfg = Release|Any CPU
		{8600B7B8-501B-44C5-BD85-7D7FCF664725}.Release|Any CPU.Build.0 = Release|Any CPU
		{74E27ABD-DEC1-44F5-9200-964DB789B596}.Debug|Any CPU.ActiveCfg = Debug|Any CPU
		{74E27ABD-DEC1-44F5-9200-964DB789B596}.Debug|Any CPU.Build.0 = Debug|Any CPU
		{74E27ABD-DEC1-44F5-9200-964DB789B596}.Release|Any CPU.ActiveCfg = Release|Any CPU
		{74E27ABD-DEC1-44F5-9200-964DB789B596}.Release|Any CPU.Build.0 = Release|Any CPU
	EndGlobalSection
	GlobalSection(SolutionProperties) = preSolution
		HideSolutionNode = FALSE
	EndGlobalSection
EndGlobal
